// !$*UTF8*$!
{
	archiveVersion = 1;
	classes = {
	};
	objectVersion = 50;
	objects = {

/* Begin PBXBuildFile section */
		682C85A3271F0BC3001FE100 /* LongSleeveView.swift in Sources */ = {isa = PBXBuildFile; fileRef = 682C85A2271F0BC3001FE100 /* LongSleeveView.swift */; };
		682C85A5271F2E89001FE100 /* Alien2.swift in Sources */ = {isa = PBXBuildFile; fileRef = 682C85A4271F2E89001FE100 /* Alien2.swift */; };
		6853B7D1271AC92F00C30260 /* TarotheSpaceAlienApp.swift in Sources */ = {isa = PBXBuildFile; fileRef = 6853B7D0271AC92F00C30260 /* TarotheSpaceAlienApp.swift */; };
		6853B7D3271AC92F00C30260 /* ContentView.swift in Sources */ = {isa = PBXBuildFile; fileRef = 6853B7D2271AC92F00C30260 /* ContentView.swift */; };
		6853B7D5271AC93000C30260 /* Assets.xcassets in Resources */ = {isa = PBXBuildFile; fileRef = 6853B7D4271AC93000C30260 /* Assets.xcassets */; };
		6853B7D8271AC93000C30260 /* Preview Assets.xcassets in Resources */ = {isa = PBXBuildFile; fileRef = 6853B7D7271AC93000C30260 /* Preview Assets.xcassets */; };
/* End PBXBuildFile section */

/* Begin PBXFileReference section */
		682C85A2271F0BC3001FE100 /* LongSleeveView.swift */ = {isa = PBXFileReference; lastKnownFileType = sourcecode.swift; path = LongSleeveView.swift; sourceTree = "<group>"; };
		682C85A4271F2E89001FE100 /* Alien2.swift */ = {isa = PBXFileReference; lastKnownFileType = sourcecode.swift; path = Alien2.swift; sourceTree = "<group>"; };
		6853B7CD271AC92F00C30260 /* TarotheSpaceAlien.app */ = {isa = PBXFileReference; explicitFileType = wrapper.application; includeInIndex = 0; path = TarotheSpaceAlien.app; sourceTree = BUILT_PRODUCTS_DIR; };
		6853B7D0271AC92F00C30260 /* TarotheSpaceAlienApp.swift */ = {isa = PBXFileReference; lastKnownFileType = sourcecode.swift; path = TarotheSpaceAlienApp.swift; sourceTree = "<group>"; };
		6853B7D2271AC92F00C30260 /* ContentView.swift */ = {isa = PBXFileReference; lastKnownFileType = sourcecode.swift; path = ContentView.swift; sourceTree = "<group>"; };
		6853B7D4271AC93000C30260 /* Assets.xcassets */ = {isa = PBXFileReference; lastKnownFileType = folder.assetcatalog; path = Assets.xcassets; sourceTree = "<group>"; };
		6853B7D7271AC93000C30260 /* Preview Assets.xcassets */ = {isa = PBXFileReference; lastKnownFileType = folder.assetcatalog; path = "Preview Assets.xcassets"; sourceTree = "<group>"; };
		6853B7D9271AC93000C30260 /* Info.plist */ = {isa = PBXFileReference; lastKnownFileType = text.plist.xml; path = Info.plist; sourceTree = "<group>"; };
/* End PBXFileReference section */

/* Begin PBXFrameworksBuildPhase section */
		6853B7CA271AC92F00C30260 /* Frameworks */ = {
			isa = PBXFrameworksBuildPhase;
			buildActionMask = 2147483647;
			files = (
			);
			runOnlyForDeploymentPostprocessing = 0;
		};
/* End PBXFrameworksBuildPhase section */

/* Begin PBXGroup section */
		6853B7C4271AC92F00C30260 = {
			isa = PBXGroup;
			children = (
				6853B7CF271AC92F00C30260 /* TarotheSpaceAlien */,
				6853B7CE271AC92F00C30260 /* Products */,
			);
			sourceTree = "<group>";
		};
		6853B7CE271AC92F00C30260 /* Products */ = {
			isa = PBXGroup;
			children = (
				6853B7CD271AC92F00C30260 /* TarotheSpaceAlien.app */,
			);
			name = Products;
			sourceTree = "<group>";
		};
		6853B7CF271AC92F00C30260 /* TarotheSpaceAlien */ = {
			isa = PBXGroup;
			children = (
				6853B7D0271AC92F00C30260 /* TarotheSpaceAlienApp.swift */,
				6853B7D2271AC92F00C30260 /* ContentView.swift */,
				682C85A4271F2E89001FE100 /* Alien2.swift */,
				682C85A2271F0BC3001FE100 /* LongSleeveView.swift */,
				6853B7D4271AC93000C30260 /* Assets.xcassets */,
				6853B7D9271AC93000C30260 /* Info.plist */,
				6853B7D6271AC93000C30260 /* Preview Content */,
			);
			path = TarotheSpaceAlien;
			sourceTree = "<group>";
		};
		6853B7D6271AC93000C30260 /* Preview Content */ = {
			isa = PBXGroup;
			children = (
				6853B7D7271AC93000C30260 /* Preview Assets.xcassets */,
			);
			path = "Preview Content";
			sourceTree = "<group>";
		};
/* End PBXGroup section */

/* Begin PBXNativeTarget section */
		6853B7CC271AC92F00C30260 /* TarotheSpaceAlien */ = {
			isa = PBXNativeTarget;
			buildConfigurationList = 6853B7DC271AC93000C30260 /* Build configuration list for PBXNativeTarget "TarotheSpaceAlien" */;
			buildPhases = (
				6853B7C9271AC92F00C30260 /* Sources */,
				6853B7CA271AC92F00C30260 /* Frameworks */,
				6853B7CB271AC92F00C30260 /* Resources */,
			);
			buildRules = (
			);
			dependencies = (
			);
			name = TarotheSpaceAlien;
			productName = TarotheSpaceAlien;
			productReference = 6853B7CD271AC92F00C30260 /* TarotheSpaceAlien.app */;
			productType = "com.apple.product-type.application";
		};
/* End PBXNativeTarget section */

/* Begin PBXProject section */
		6853B7C5271AC92F00C30260 /* Project object */ = {
			isa = PBXProject;
			attributes = {
				LastSwiftUpdateCheck = 1250;
				LastUpgradeCheck = 1250;
				TargetAttributes = {
					6853B7CC271AC92F00C30260 = {
						CreatedOnToolsVersion = 12.5.1;
					};
				};
			};
			buildConfigurationList = 6853B7C8271AC92F00C30260 /* Build configuration list for PBXProject "TarotheSpaceAlien" */;
			compatibilityVersion = "Xcode 9.3";
			developmentRegion = en;
			hasScannedForEncodings = 0;
			knownRegions = (
				en,
				Base,
			);
			mainGroup = 6853B7C4271AC92F00C30260;
			productRefGroup = 6853B7CE271AC92F00C30260 /* Products */;
			projectDirPath = "";
			projectRoot = "";
			targets = (
				6853B7CC271AC92F00C30260 /* TarotheSpaceAlien */,
			);
		};
/* End PBXProject section */

/* Begin PBXResourcesBuildPhase section */
		6853B7CB271AC92F00C30260 /* Resources */ = {
			isa = PBXResourcesBuildPhase;
			buildActionMask = 2147483647;
			files = (
				6853B7D8271AC93000C30260 /* Preview Assets.xcassets in Resources */,
				6853B7D5271AC93000C30260 /* Assets.xcassets in Resources */,
			);
			runOnlyForDeploymentPostprocessing = 0;
		};
/* End PBXResourcesBuildPhase section */

/* Begin PBXSourcesBuildPhase section */
		6853B7C9271AC92F00C30260 /* Sources */ = {
			isa = PBXSourcesBuildPhase;
			buildActionMask = 2147483647;
			files = (
				682C85A3271F0BC3001FE100 /* LongSleeveView.swift in Sources */,
				6853B7D3271AC92F00C30260 /* ContentView.swift in Sources */,
				682C85A5271F2E89001FE100 /* Alien2.swift in Sources */,
				6853B7D1271AC92F00C30260 /* TarotheSpaceAlienApp.swift in Sources */,
			);
			runOnlyForDeploymentPostprocessing = 0;
		};
/* End PBXSourcesBuildPhase section */

/* Begin XCBuildConfiguration section */
		6853B7DA271AC93000C30260 /* Debug */ = {
			isa = XCBuildConfiguration;
			buildSettings = {
				ALWAYS_SEARCH_USER_PATHS = NO;
				CLANG_ANALYZER_NONNULL = YES;
				CLANG_ANALYZER_NUMBER_OBJECT_CONVERSION = YES_AGGRESSIVE;
				CLANG_CXX_LANGUAGE_STANDARD = "gnu++14";
				CLANG_CXX_LIBRARY = "libc++";
				CLANG_ENABLE_MODULES = YES;
				CLANG_ENABLE_OBJC_ARC = YES;
				CLANG_ENABLE_OBJC_WEAK = YES;
				CLANG_WARN_BLOCK_CAPTURE_AUTORELEASING = YES;
				CLANG_WARN_BOOL_CONVERSION = YES;
				CLANG_WARN_COMMA = YES;
				CLANG_WARN_CONSTANT_CONVERSION = YES;
				CLANG_WARN_DEPRECATED_OBJC_IMPLEMENTATIONS = YES;
				CLANG_WARN_DIRECT_OBJC_ISA_USAGE = YES_ERROR;
				CLANG_WARN_DOCUMENTATION_COMMENTS = YES;
				CLANG_WARN_EMPTY_BODY = YES;
				CLANG_WARN_ENUM_CONVERSION = YES;
				CLANG_WARN_INFINITE_RECURSION = YES;
				CLANG_WARN_INT_CONVERSION = YES;
				CLANG_WARN_NON_LITERAL_NULL_CONVERSION = YES;
				CLANG_WARN_OBJC_IMPLICIT_RETAIN_SELF = YES;
				CLANG_WARN_OBJC_LITERAL_CONVERSION = YES;
				CLANG_WARN_OBJC_ROOT_CLASS = YES_ERROR;
				CLANG_WARN_QUOTED_INCLUDE_IN_FRAMEWORK_HEADER = YES;
				CLANG_WARN_RANGE_LOOP_ANALYSIS = YES;
				CLANG_WARN_STRICT_PROTOTYPES = YES;
				CLANG_WARN_SUSPICIOUS_MOVE = YES;
				CLANG_WARN_UNGUARDED_AVAILABILITY = YES_AGGRESSIVE;
				CLANG_WARN_UNREACHABLE_CODE = YES;
				CLANG_WARN__DUPLICATE_METHOD_MATCH = YES;
				COPY_PHASE_STRIP = NO;
				DEBUG_INFORMATION_FORMAT = dwarf;
				ENABLE_STRICT_OBJC_MSGSEND = YES;
				ENABLE_TESTABILITY = YES;
				GCC_C_LANGUAGE_STANDARD = gnu11;
				GCC_DYNAMIC_NO_PIC = NO;
				GCC_NO_COMMON_BLOCKS = YES;
				GCC_OPTIMIZATION_LEVEL = 0;
				GCC_PREPROCESSOR_DEFINITIONS = (
					"DEBUG=1",
					"$(inherited)",
				);
				GCC_WARN_64_TO_32_BIT_CONVERSION = YES;
				GCC_WARN_ABOUT_RETURN_TYPE = YES_ERROR;
				GCC_WARN_UNDECLARED_SELECTOR = YES;
				GCC_WARN_UNINITIALIZED_AUTOS = YES_AGGRESSIVE;
				GCC_WARN_UNUSED_FUNCTION = YES;
				GCC_WARN_UNUSED_VARIABLE = YES;
				IPHONEOS_DEPLOYMENT_TARGET = 14.5;
				MTL_ENABLE_DEBUG_INFO = INCLUDE_SOURCE;
				MTL_FAST_MATH = YES;
				ONLY_ACTIVE_ARCH = YES;
				SDKROOT = iphoneos;
				SWIFT_ACTIVE_COMPILATION_CONDITIONS = DEBUG;
				SWIFT_OPTIMIZATION_LEVEL = "-Onone";
			};
			name = Debug;
		};
		6853B7DB271AC93000C30260 /* Release */ = {
			isa = XCBuildConfiguration;
			buildSettings = {
				ALWAYS_SEARCH_USER_PATHS = NO;
				CLANG_ANALYZER_NONNULL = YES;
				CLANG_ANALYZER_NUMBER_OBJECT_CONVERSION = YES_AGGRESSIVE;
				CLANG_CXX_LANGUAGE_STANDARD = "gnu++14";
				CLANG_CXX_LIBRARY = "libc++";
				CLANG_ENABLE_MODULES = YES;
				CLANG_ENABLE_OBJC_ARC = YES;
				CLANG_ENABLE_OBJC_WEAK = YES;
				CLANG_WARN_BLOCK_CAPTURE_AUTORELEASING = YES;
				CLANG_WARN_BOOL_CONVERSION = YES;
				CLANG_WARN_COMMA = YES;
				CLANG_WARN_CONSTANT_CONVERSION = YES;
				CLANG_WARN_DEPRECATED_OBJC_IMPLEMENTATIONS = YES;
				CLANG_WARN_DIRECT_OBJC_ISA_USAGE = YES_ERROR;
				CLANG_WARN_DOCUMENTATION_COMMENTS = YES;
				CLANG_WARN_EMPTY_BODY = YES;
				CLANG_WARN_ENUM_CONVERSION = YES;
				CLANG_WARN_INFINITE_RECURSION = YES;
				CLANG_WARN_INT_CONVERSION = YES;
				CLANG_WARN_NON_LITERAL_NULL_CONVERSION = YES;
				CLANG_WARN_OBJC_IMPLICIT_RETAIN_SELF = YES;
				CLANG_WARN_OBJC_LITERAL_CONVERSION = YES;
				CLANG_WARN_OBJC_ROOT_CLASS = YES_ERROR;
				CLANG_WARN_QUOTED_INCLUDE_IN_FRAMEWORK_HEADER = YES;
				CLANG_WARN_RANGE_LOOP_ANALYSIS = YES;
				CLANG_WARN_STRICT_PROTOTYPES = YES;
				CLANG_WARN_SUSPICIOUS_MOVE = YES;
				CLANG_WARN_UNGUARDED_AVAILABILITY = YES_AGGRESSIVE;
				CLANG_WARN_UNREACHABLE_CODE = YES;
				CLANG_WARN__DUPLICATE_METHOD_MATCH = YES;
				COPY_PHASE_STRIP = NO;
				DEBUG_INFORMATION_FORMAT = "dwarf-with-dsym";
				ENABLE_NS_ASSERTIONS = NO;
				ENABLE_STRICT_OBJC_MSGSEND = YES;
				GCC_C_LANGUAGE_STANDARD = gnu11;
				GCC_NO_COMMON_BLOCKS = YES;
				GCC_WARN_64_TO_32_BIT_CONVERSION = YES;
				GCC_WARN_ABOUT_RETURN_TYPE = YES_ERROR;
				GCC_WARN_UNDECLARED_SELECTOR = YES;
				GCC_WARN_UNINITIALIZED_AUTOS = YES_AGGRESSIVE;
				GCC_WARN_UNUSED_FUNCTION = YES;
				GCC_WARN_UNUSED_VARIABLE = YES;
				IPHONEOS_DEPLOYMENT_TARGET = 14.5;
				MTL_ENABLE_DEBUG_INFO = NO;
				MTL_FAST_MATH = YES;
				SDKROOT = iphoneos;
				SWIFT_COMPILATION_MODE = wholemodule;
				SWIFT_OPTIMIZATION_LEVEL = "-O";
				VALIDATE_PRODUCT = YES;
			};
			name = Release;
		};
		6853B7DD271AC93000C30260 /* Debug */ = {
			isa = XCBuildConfiguration;
			buildSettings = {
				ASSETCATALOG_COMPILER_APPICON_NAME = AppIcon;
				ASSETCATALOG_COMPILER_GLOBAL_ACCENT_COLOR_NAME = AccentColor;
				CODE_SIGN_STYLE = Automatic;
				DEVELOPMENT_ASSET_PATHS = "\"TarotheSpaceAlien/Preview Content\"";
				ENABLE_PREVIEWS = YES;
				INFOPLIST_FILE = TarotheSpaceAlien/Info.plist;
				IPHONEOS_DEPLOYMENT_TARGET = 14.0;
				LD_RUNPATH_SEARCH_PATHS = (
					"$(inherited)",
					"@executable_path/Frameworks",
				);
				PRODUCT_BUNDLE_IDENTIFIER = weilun.TarotheSpaceAlien;
				PRODUCT_NAME = "$(TARGET_NAME)";
				SWIFT_VERSION = 5.0;
				TARGETED_DEVICE_FAMILY = "1,2";
			};
			name = Debug;
		};
		6853B7DE271AC93000C30260 /* Release */ = {
			isa = XCBuildConfiguration;
			buildSettings = {
				ASSETCATALOG_COMPILER_APPICON_NAME = AppIcon;
				ASSETCATALOG_COMPILER_GLOBAL_ACCENT_COLOR_NAME = AccentColor;
				CODE_SIGN_STYLE = Automatic;
				DEVELOPMENT_ASSET_PATHS = "\"TarotheSpaceAlien/Preview Content\"";
				ENABLE_PREVIEWS = YES;
				INFOPLIST_FILE = TarotheSpaceAlien/Info.plist;
				IPHONEOS_DEPLOYMENT_TARGET = 14.0;
				LD_RUNPATH_SEARCH_PATHS = (
					"$(inherited)",
					"@executable_path/Frameworks",
				);
				PRODUCT_BUNDLE_IDENTIFIER = weilun.TarotheSpaceAlien;
				PRODUCT_NAME = "$(TARGET_NAME)";
				SWIFT_VERSION = 5.0;
				TARGETED_DEVICE_FAMILY = "1,2";
			};
			name = Release;
		};
/* End XCBuildConfiguration section */

/* Begin XCConfigurationList section */
		6853B7C8271AC92F00C30260 /* Build configuration list for PBXProject "TarotheSpaceAlien" */ = {
			isa = XCConfigurationList;
			buildConfigurations = (
				6853B7DA271AC93000C30260 /* Debug */,
				6853B7DB271AC93000C30260 /* Release */,
			);
			defaultConfigurationIsVisible = 0;
			defaultConfigurationName = Release;
		};
		6853B7DC271AC93000C30260 /* Build configuration list for PBXNativeTarget "TarotheSpaceAlien" */ = {
			isa = XCConfigurationList;
			buildConfigurations = (
				6853B7DD271AC93000C30260 /* Debug */,
				6853B7DE271AC93000C30260 /* Release */,
			);
			defaultConfigurationIsVisible = 0;
			defaultConfigurationName = Release;
		};
/* End XCConfigurationList section */
	};
	rootObject = 6853B7C5271AC92F00C30260 /* Project object */;
}
